<?xml version="1.0" encoding="utf-8"?>
<Project ToolsVersion="4.0" xmlns="http://schemas.microsoft.com/developer/msbuild/2003">
  <ItemGroup>
    <Filter Include="Source Files">
      <UniqueIdentifier>{4FC737F1-C7A5-4376-A066-2A32D752A2FF}</UniqueIdentifier>
      <Extensions>cpp;c;cc;cxx;c++;cppm;ixx;def;odl;idl;hpj;bat;asm;asmx</Extensions>
    </Filter>
    <Filter Include="Header Files">
      <UniqueIdentifier>{93995380-89BD-4b04-88EB-625FBE52EBFB}</UniqueIdentifier>
      <Extensions>h;hh;hpp;hxx;h++;hm;inl;inc;ipp;xsd</Extensions>
    </Filter>
    <Filter Include="Resource Files">
      <UniqueIdentifier>{67DA6AB6-F800-4c08-8B7A-83BB121AAD01}</UniqueIdentifier>
      <Extensions>rc;ico;cur;bmp;dlg;rc2;rct;bin;rgs;gif;jpg;jpeg;jpe;resx;tiff;tif;png;wav;mfcribbon-ms</Extensions>
    </Filter>
    <Filter Include="Auth">
      <UniqueIdentifier>{d80ddb5d-81fc-4756-b3ff-f73da03a13d3}</UniqueIdentifier>
    </Filter>
    <Filter Include="Mapper">
      <UniqueIdentifier>{5cf2e963-20f7-4354-ab55-4720dd9a1b1e}</UniqueIdentifier>
    </Filter>
    <Filter Include="ImGui">
      <UniqueIdentifier>{87090d7d-4d4b-4097-9303-9b321001e645}</UniqueIdentifier>
    </Filter>
    <Filter Include="Source Files\Utils">
      <UniqueIdentifier>{598b72a5-d077-48fb-9595-56536736e31d}</UniqueIdentifier>
    </Filter>
    <Filter Include="Driver">
      <UniqueIdentifier>{5674c367-1fac-46df-8c6d-e648d6260f81}</UniqueIdentifier>
    </Filter>
  </ItemGroup>
  <ItemGroup>
    <ClCompile Include="Source.cpp">
      <Filter>Source Files</Filter>
    </ClCompile>
    <ClCompile Include="mapper\intel_driver.cpp">
      <Filter>Mapper</Filter>
    </ClCompile>
    <ClCompile Include="mapper\kdmapper.cpp">
      <Filter>Mapper</Filter>
    </ClCompile>
    <ClCompile Include="mapper\main.cpp">
      <Filter>Mapper</Filter>
    </ClCompile>
    <ClCompile Include="mapper\portable_executable.cpp">
      <Filter>Mapper</Filter>
    </ClCompile>
    <ClCompile Include="mapper\service.cpp">
      <Filter>Mapper</Filter>
    </ClCompile>
    <ClCompile Include="mapper\utils.cpp">
      <Filter>Mapper</Filter>
    </ClCompile>
    <ClCompile Include="imgui\imgui.cpp">
      <Filter>ImGui</Filter>
    </ClCompile>
    <ClCompile Include="imgui\imgui_draw.cpp">
      <Filter>ImGui</Filter>
    </ClCompile>
    <ClCompile Include="imgui\imgui_impl_dx9.cpp">
      <Filter>ImGui</Filter>
    </ClCompile>
    <ClCompile Include="imgui\imgui_impl_win32.cpp">
      <Filter>ImGui</Filter>
    </ClCompile>
    <ClCompile Include="imgui\imgui_widgets.cpp">
      <Filter>ImGui</Filter>
    </ClCompile>
    <ClCompile Include="imgui_impl_dx11.cpp">
      <Filter>Source Files\Utils</Filter>
    </ClCompile>
  </ItemGroup>
  <ItemGroup>
    <ClInclude Include="auth\anti_debugger.h">
      <Filter>Auth</Filter>
    </ClInclude>
    <ClInclude Include="auth\antidump.h">
      <Filter>Auth</Filter>
    </ClInclude>
    <ClInclude Include="auth\auth.hpp">
      <Filter>Auth</Filter>
    </ClInclude>
    <ClInclude Include="auth\bytes.h">
      <Filter>Auth</Filter>
    </ClInclude>
    <ClInclude Include="auth\lazy.h">
      <Filter>Auth</Filter>
    </ClInclude>
    <ClInclude Include="mapper\intel_driver.hpp">
      <Filter>Mapper</Filter>
    </ClInclude>
    <ClInclude Include="mapper\intel_driver_resource.hpp">
      <Filter>Mapper</Filter>
    </ClInclude>
    <ClInclude Include="mapper\kdmapper.hpp">
      <Filter>Mapper</Filter>
    </ClInclude>
    <ClInclude Include="mapper\nt.hpp">
      <Filter>Mapper</Filter>
    </ClInclude>
    <ClInclude Include="mapper\portable_executable.hpp">
      <Filter>Mapper</Filter>
    </ClInclude>
    <ClInclude Include="mapper\service.hpp">
      <Filter>Mapper</Filter>
    </ClInclude>
    <ClInclude Include="mapper\utils.hpp">
      <Filter>Mapper</Filter>
    </ClInclude>
    <ClInclude Include="resource.h">
      <Filter>Resource Files</Filter>
    </ClInclude>
    <ClInclude Include="glob.h">
      <Filter>Source Files\Utils</Filter>
    </ClInclude>
    <ClInclude Include="vec.h">
      <Filter>Source Files\Utils</Filter>
    </ClInclude>
    <ClInclude Include="driver.hpp">
      <Filter>Driver</Filter>
    </ClInclude>
    <ClInclude Include="include.hpp">
      <Filter>Driver</Filter>
    </ClInclude>
    <ClInclude Include="xor.hpp">
      <Filter>Driver</Filter>
    </ClInclude>
    <ClInclude Include="overlay.hpp">
      <Filter>Header Files</Filter>
    </ClInclude>
    <ClInclude Include="cheatmain.h">
      <Filter>Source Files</Filter>
    </ClInclude>
    <ClInclude Include="configs.hpp">
      <Filter>Source Files\Utils</Filter>
    </ClInclude>
    <ClInclude Include="resource1.h">
      <Filter>Header Files</Filter>
    </ClInclude>
    <ClInclude Include="Header.h">
      <Filter>Auth</Filter>
    </ClInclude>
    <ClInclude Include="crypter.h">
      <Filter>Driver</Filter>
    </ClInclude>
    <ClInclude Include="imgui\imconfig.h">
      <Filter>ImGui</Filter>
    </ClInclude>
    <ClInclude Include="imgui\imgui.h">
      <Filter>ImGui</Filter>
    </ClInclude>
    <ClInclude Include="imgui\imgui_impl_dx9.h">
      <Filter>ImGui</Filter>
    </ClInclude>
    <ClInclude Include="imgui\imgui_impl_win32.h">
      <Filter>ImGui</Filter>
    </ClInclude>
    <ClInclude Include="imgui\imgui_internal.h">
      <Filter>ImGui</Filter>
    </ClInclude>
    <ClInclude Include="imgui\imstb_rectpack.h">
      <Filter>ImGui</Filter>
    </ClInclude>
    <ClInclude Include="imgui\imstb_textedit.h">
      <Filter>ImGui</Filter>
    </ClInclude>
    <ClInclude Include="imgui\imstb_truetype.h">
      <Filter>ImGui</Filter>
    </ClInclude>
    <ClInclude Include="imgui_impl_dx11.h">
      <Filter>Source Files\Utils</Filter>
    </ClInclude>
  </ItemGroup>
  <ItemGroup>
    <Library Include="libcurl.lib" />
    <Library Include="library_x64.lib" />
  </ItemGroup>
  <ItemGroup>
    <ResourceCompile Include="Gremlin Apex.rc">
      <Filter>Resource Files</Filter>
    </ResourceCompile>
  </ItemGroup>
  <ItemGroup>
    <Image Include="icon.ico">
      <Filter>Resource Files</Filter>
    </Image>
  </ItemGroup>
</Project>